// !$*UTF8*$!
{
	archiveVersion = 1;
	classes = {
	};
	objectVersion = 48;
	objects = {

/* Begin PBXBuildFile section */
		DBBC7A841FD1A26200417D60 /* AppDelegate.swift in Sources */ = {isa = PBXBuildFile; fileRef = DBBC7A831FD1A26200417D60 /* AppDelegate.swift */; };
		DBBC7A861FD1A26200417D60 /* ViewController.swift in Sources */ = {isa = PBXBuildFile; fileRef = DBBC7A851FD1A26200417D60 /* ViewController.swift */; };
		DBBC7A891FD1A26200417D60 /* Main.storyboard in Resources */ = {isa = PBXBuildFile; fileRef = DBBC7A871FD1A26200417D60 /* Main.storyboard */; };
		DBBC7A8B1FD1A26200417D60 /* Assets.xcassets in Resources */ = {isa = PBXBuildFile; fileRef = DBBC7A8A1FD1A26200417D60 /* Assets.xcassets */; };
		DBBC7A8E1FD1A26200417D60 /* LaunchScreen.storyboard in Resources */ = {isa = PBXBuildFile; fileRef = DBBC7A8C1FD1A26200417D60 /* LaunchScreen.storyboard */; };
		DBEDC7891FD1A6E00012C49A /* WheelItem.swift in Sources */ = {isa = PBXBuildFile; fileRef = DBEDC7881FD1A6E00012C49A /* WheelItem.swift */; };
		DBEDC78C1FD1AB0C0012C49A /* UIColorExtensions.swift in Sources */ = {isa = PBXBuildFile; fileRef = DBEDC78B1FD1AB0C0012C49A /* UIColorExtensions.swift */; };
		DBEDC78D1FD1B0040012C49A /* WheelMenuCollectionViewCell.swift in Sources */ = {isa = PBXBuildFile; fileRef = DBBC7A971FD1A39900417D60 /* WheelMenuCollectionViewCell.swift */; };
		DBEDC78E1FD1B0070012C49A /* WheelCollectionViewLayout.swift in Sources */ = {isa = PBXBuildFile; fileRef = DBBC7A9C1FD1A39900417D60 /* WheelCollectionViewLayout.swift */; };
		DBEDC7901FD1B09C0012C49A /* NumbersExtensions.swift in Sources */ = {isa = PBXBuildFile; fileRef = DBEDC78F1FD1B09C0012C49A /* NumbersExtensions.swift */; };
/* End PBXBuildFile section */

/* Begin PBXFileReference section */
		DBBC7A801FD1A26200417D60 /* WheelMenu.app */ = {isa = PBXFileReference; explicitFileType = wrapper.application; includeInIndex = 0; path = WheelMenu.app; sourceTree = BUILT_PRODUCTS_DIR; };
		DBBC7A831FD1A26200417D60 /* AppDelegate.swift */ = {isa = PBXFileReference; lastKnownFileType = sourcecode.swift; path = AppDelegate.swift; sourceTree = "<group>"; };
		DBBC7A851FD1A26200417D60 /* ViewController.swift */ = {isa = PBXFileReference; lastKnownFileType = sourcecode.swift; path = ViewController.swift; sourceTree = "<group>"; };
		DBBC7A881FD1A26200417D60 /* Base */ = {isa = PBXFileReference; lastKnownFileType = file.storyboard; name = Base; path = Base.lproj/Main.storyboard; sourceTree = "<group>"; };
		DBBC7A8A1FD1A26200417D60 /* Assets.xcassets */ = {isa = PBXFileReference; lastKnownFileType = folder.assetcatalog; path = Assets.xcassets; sourceTree = "<group>"; };
		DBBC7A8D1FD1A26200417D60 /* Base */ = {isa = PBXFileReference; lastKnownFileType = file.storyboard; name = Base; path = Base.lproj/LaunchScreen.storyboard; sourceTree = "<group>"; };
		DBBC7A8F1FD1A26200417D60 /* Info.plist */ = {isa = PBXFileReference; lastKnownFileType = text.plist.xml; path = Info.plist; sourceTree = "<group>"; };
		DBBC7A971FD1A39900417D60 /* WheelMenuCollectionViewCell.swift */ = {isa = PBXFileReference; lastKnownFileType = sourcecode.swift; path = WheelMenuCollectionViewCell.swift; sourceTree = "<group>"; };
		DBBC7A9C1FD1A39900417D60 /* WheelCollectionViewLayout.swift */ = {isa = PBXFileReference; lastKnownFileType = sourcecode.swift; path = WheelCollectionViewLayout.swift; sourceTree = "<group>"; };
		DBEDC7881FD1A6E00012C49A /* WheelItem.swift */ = {isa = PBXFileReference; lastKnownFileType = sourcecode.swift; path = WheelItem.swift; sourceTree = "<group>"; };
		DBEDC78B1FD1AB0C0012C49A /* UIColorExtensions.swift */ = {isa = PBXFileReference; lastKnownFileType = sourcecode.swift; path = UIColorExtensions.swift; sourceTree = "<group>"; };
		DBEDC78F1FD1B09C0012C49A /* NumbersExtensions.swift */ = {isa = PBXFileReference; lastKnownFileType = sourcecode.swift; path = NumbersExtensions.swift; sourceTree = "<group>"; };
/* End PBXFileReference section */

/* Begin PBXFrameworksBuildPhase section */
		DBBC7A7D1FD1A26200417D60 /* Frameworks */ = {
			isa = PBXFrameworksBuildPhase;
			buildActionMask = 2147483647;
			files = (
			);
			runOnlyForDeploymentPostprocessing = 0;
		};
/* End PBXFrameworksBuildPhase section */

/* Begin PBXGroup section */
		DBBC7A771FD1A26200417D60 = {
			isa = PBXGroup;
			children = (
				DBBC7A821FD1A26200417D60 /* WheelMenu */,
				DBBC7A811FD1A26200417D60 /* Products */,
			);
			sourceTree = "<group>";
		};
		DBBC7A811FD1A26200417D60 /* Products */ = {
			isa = PBXGroup;
			children = (
				DBBC7A801FD1A26200417D60 /* WheelMenu.app */,
			);
			name = Products;
			sourceTree = "<group>";
		};
		DBBC7A821FD1A26200417D60 /* WheelMenu */ = {
			isa = PBXGroup;
			children = (
				DBEDC78A1FD1AAB90012C49A /* Extensions */,
				DBBC7A951FD1A39900417D60 /* Wheel Layout */,
				DBBC7A831FD1A26200417D60 /* AppDelegate.swift */,
				DBBC7A851FD1A26200417D60 /* ViewController.swift */,
				DBBC7A871FD1A26200417D60 /* Main.storyboard */,
				DBBC7A8A1FD1A26200417D60 /* Assets.xcassets */,
				DBBC7A8C1FD1A26200417D60 /* LaunchScreen.storyboard */,
				DBBC7A8F1FD1A26200417D60 /* Info.plist */,
			);
			path = WheelMenu;
			sourceTree = "<group>";
		};
		DBBC7A951FD1A39900417D60 /* Wheel Layout */ = {
			isa = PBXGroup;
			children = (
				DBBC7A971FD1A39900417D60 /* WheelMenuCollectionViewCell.swift */,
				DBBC7A9C1FD1A39900417D60 /* WheelCollectionViewLayout.swift */,
				DBEDC7881FD1A6E00012C49A /* WheelItem.swift */,
			);
			path = "Wheel Layout";
			sourceTree = "<group>";
		};
		DBEDC78A1FD1AAB90012C49A /* Extensions */ = {
			isa = PBXGroup;
			children = (
				DBEDC78B1FD1AB0C0012C49A /* UIColorExtensions.swift */,
				DBEDC78F1FD1B09C0012C49A /* NumbersExtensions.swift */,
			);
			path = Extensions;
			sourceTree = "<group>";
		};
/* End PBXGroup section */

/* Begin PBXNativeTarget section */
		DBBC7A7F1FD1A26200417D60 /* WheelMenu */ = {
			isa = PBXNativeTarget;
			buildConfigurationList = DBBC7A921FD1A26200417D60 /* Build configuration list for PBXNativeTarget "WheelMenu" */;
			buildPhases = (
				DBBC7A7C1FD1A26200417D60 /* Sources */,
				DBBC7A7D1FD1A26200417D60 /* Frameworks */,
				DBBC7A7E1FD1A26200417D60 /* Resources */,
			);
			buildRules = (
			);
			dependencies = (
			);
			name = WheelMenu;
			productName = WheelMenu;
			productReference = DBBC7A801FD1A26200417D60 /* WheelMenu.app */;
			productType = "com.apple.product-type.application";
		};
/* End PBXNativeTarget section */

/* Begin PBXProject section */
		DBBC7A781FD1A26200417D60 /* Project object */ = {
			isa = PBXProject;
			attributes = {
				LastSwiftUpdateCheck = 0910;
				LastUpgradeCheck = 0910;
				ORGANIZATIONNAME = "Roger Serentil";
				TargetAttributes = {
					DBBC7A7F1FD1A26200417D60 = {
						CreatedOnToolsVersion = 9.1;
						ProvisioningStyle = Automatic;
					};
				};
			};
			buildConfigurationList = DBBC7A7B1FD1A26200417D60 /* Build configuration list for PBXProject "WheelMenu" */;
			compatibilityVersion = "Xcode 8.0";
			developmentRegion = en;
			hasScannedForEncodings = 0;
			knownRegions = (
				en,
				Base,
			);
			mainGroup = DBBC7A771FD1A26200417D60;
			productRefGroup = DBBC7A811FD1A26200417D60 /* Products */;
			projectDirPath = "";
			projectRoot = "";
			targets = (
				DBBC7A7F1FD1A26200417D60 /* WheelMenu */,
			);
		};
/* End PBXProject section */

/* Begin PBXResourcesBuildPhase section */
		DBBC7A7E1FD1A26200417D60 /* Resources */ = {
			isa = PBXResourcesBuildPhase;
			buildActionMask = 2147483647;
			files = (
				DBBC7A8E1FD1A26200417D60 /* LaunchScreen.storyboard in Resources */,
				DBBC7A8B1FD1A26200417D60 /* Assets.xcassets in Resources */,
				DBBC7A891FD1A26200417D60 /* Main.storyboard in Resources */,
			);
			runOnlyForDeploymentPostprocessing = 0;
		};
/* End PBXResourcesBuildPhase section */

/* Begin PBXSourcesBuildPhase section */
		DBBC7A7C1FD1A26200417D60 /* Sources */ = {
			isa = PBXSourcesBuildPhase;
			buildActionMask = 2147483647;
			files = (
				DBBC7A861FD1A26200417D60 /* ViewController.swift in Sources */,
				DBEDC78D1FD1B0040012C49A /* WheelMenuCollectionViewCell.swift in Sources */,
				DBEDC78E1FD1B0070012C49A /* WheelCollectionViewLayout.swift in Sources */,
				DBEDC7901FD1B09C0012C49A /* NumbersExtensions.swift in Sources */,
				DBBC7A841FD1A26200417D60 /* AppDelegate.swift in Sources */,
				DBEDC7891FD1A6E00012C49A /* WheelItem.swift in Sources */,
				DBEDC78C1FD1AB0C0012C49A /* UIColorExtensions.swift in Sources */,
			);
			runOnlyForDeploymentPostprocessing = 0;
		};
/* End PBXSourcesBuildPhase section */

/* Begin PBXVariantGroup section */
		DBBC7A871FD1A26200417D60 /* Main.storyboard */ = {
			isa = PBXVariantGroup;
			children = (
				DBBC7A881FD1A26200417D60 /* Base */,
			);
			name = Main.storyboard;
			sourceTree = "<group>";
		};
		DBBC7A8C1FD1A26200417D60 /* LaunchScreen.storyboard */ = {
			isa = PBXVariantGroup;
			children = (
				DBBC7A8D1FD1A26200417D60 /* Base */,
			);
			name = LaunchScreen.storyboard;
			sourceTree = "<group>";
		};
/* End PBXVariantGroup section */

/* Begin XCBuildConfiguration section */
		DBBC7A901FD1A26200417D60 /* Debug */ = {
			isa = XCBuildConfiguration;
			buildSettings = {
				ALWAYS_SEARCH_USER_PATHS = NO;
				CLANG_ANALYZER_NONNULL = YES;
				CLANG_ANALYZER_NUMBER_OBJECT_CONVERSION = YES_AGGRESSIVE;
				CLANG_CXX_LANGUAGE_STANDARD = "gnu++14";
				CLANG_CXX_LIBRARY = "libc++";
				CLANG_ENABLE_MODULES = YES;
				CLANG_ENABLE_OBJC_ARC = YES;
				CLANG_WARN_BLOCK_CAPTURE_AUTORELEASING = YES;
				CLANG_WARN_BOOL_CONVERSION = YES;
				CLANG_WARN_COMMA = YES;
				CLANG_WARN_CONSTANT_CONVERSION = YES;
				CLANG_WARN_DIRECT_OBJC_ISA_USAGE = YES_ERROR;
				CLANG_WARN_DOCUMENTATION_COMMENTS = YES;
				CLANG_WARN_EMPTY_BODY = YES;
				CLANG_WARN_ENUM_CONVERSION = YES;
				CLANG_WARN_INFINITE_RECURSION = YES;
				CLANG_WARN_INT_CONVERSION = YES;
				CLANG_WARN_NON_LITERAL_NULL_CONVERSION = YES;
				CLANG_WARN_OBJC_LITERAL_CONVERSION = YES;
				CLANG_WARN_OBJC_ROOT_CLASS = YES_ERROR;
				CLANG_WARN_RANGE_LOOP_ANALYSIS = YES;
				CLANG_WARN_STRICT_PROTOTYPES = YES;
				CLANG_WARN_SUSPICIOUS_MOVE = YES;
				CLANG_WARN_UNGUARDED_AVAILABILITY = YES_AGGRESSIVE;
				CLANG_WARN_UNREACHABLE_CODE = YES;
				CLANG_WARN__DUPLICATE_METHOD_MATCH = YES;
				CODE_SIGN_IDENTITY = "iPhone Developer";
				COPY_PHASE_STRIP = NO;
				DEBUG_INFORMATION_FORMAT = dwarf;
				ENABLE_STRICT_OBJC_MSGSEND = YES;
				ENABLE_TESTABILITY = YES;
				GCC_C_LANGUAGE_STANDARD = gnu11;
				GCC_DYNAMIC_NO_PIC = NO;
				GCC_NO_COMMON_BLOCKS = YES;
				GCC_OPTIMIZATION_LEVEL = 0;
				GCC_PREPROCESSOR_DEFINITIONS = (
					"DEBUG=1",
					"$(inherited)",
				);
				GCC_WARN_64_TO_32_BIT_CONVERSION = YES;
				GCC_WARN_ABOUT_RETURN_TYPE = YES_ERROR;
				GCC_WARN_UNDECLARED_SELECTOR = YES;
				GCC_WARN_UNINITIALIZED_AUTOS = YES_AGGRESSIVE;
				GCC_WARN_UNUSED_FUNCTION = YES;
				GCC_WARN_UNUSED_VARIABLE = YES;
				IPHONEOS_DEPLOYMENT_TARGET = 11.1;
				MTL_ENABLE_DEBUG_INFO = YES;
				ONLY_ACTIVE_ARCH = YES;
				SDKROOT = iphoneos;
				SWIFT_ACTIVE_COMPILATION_CONDITIONS = DEBUG;
				SWIFT_OPTIMIZATION_LEVEL = "-Onone";
			};
			name = Debug;
		};
		DBBC7A911FD1A26200417D60 /* Release */ = {
			isa = XCBuildConfiguration;
			buildSettings = {
				ALWAYS_SEARCH_USER_PATHS = NO;
				CLANG_ANALYZER_NONNULL = YES;
				CLANG_ANALYZER_NUMBER_OBJECT_CONVERSION = YES_AGGRESSIVE;
				CLANG_CXX_LANGUAGE_STANDARD = "gnu++14";
				CLANG_CXX_LIBRARY = "libc++";
				CLANG_ENABLE_MODULES = YES;
				CLANG_ENABLE_OBJC_ARC = YES;
				CLANG_WARN_BLOCK_CAPTURE_AUTORELEASING = YES;
				CLANG_WARN_BOOL_CONVERSION = YES;
				CLANG_WARN_COMMA = YES;
				CLANG_WARN_CONSTANT_CONVERSION = YES;
				CLANG_WARN_DIRECT_OBJC_ISA_USAGE = YES_ERROR;
				CLANG_WARN_DOCUMENTATION_COMMENTS = YES;
				CLANG_WARN_EMPTY_BODY = YES;
				CLANG_WARN_ENUM_CONVERSION = YES;
				CLANG_WARN_INFINITE_RECURSION = YES;
				CLANG_WARN_INT_CONVERSION = YES;
				CLANG_WARN_NON_LITERAL_NULL_CONVERSION = YES;
				CLANG_WARN_OBJC_LITERAL_CONVERSION = YES;
				CLANG_WARN_OBJC_ROOT_CLASS = YES_ERROR;
				CLANG_WARN_RANGE_LOOP_ANALYSIS = YES;
				CLANG_WARN_STRICT_PROTOTYPES = YES;
				CLANG_WARN_SUSPICIOUS_MOVE = YES;
				CLANG_WARN_UNGUARDED_AVAILABILITY = YES_AGGRESSIVE;
				CLANG_WARN_UNREACHABLE_CODE = YES;
				CLANG_WARN__DUPLICATE_METHOD_MATCH = YES;
				CODE_SIGN_IDENTITY = "iPhone Developer";
				COPY_PHASE_STRIP = NO;
				DEBUG_INFORMATION_FORMAT = "dwarf-with-dsym";
				ENABLE_NS_ASSERTIONS = NO;
				ENABLE_STRICT_OBJC_MSGSEND = YES;
				GCC_C_LANGUAGE_STANDARD = gnu11;
				GCC_NO_COMMON_BLOCKS = YES;
				GCC_WARN_64_TO_32_BIT_CONVERSION = YES;
				GCC_WARN_ABOUT_RETURN_TYPE = YES_ERROR;
				GCC_WARN_UNDECLARED_SELECTOR = YES;
				GCC_WARN_UNINITIALIZED_AUTOS = YES_AGGRESSIVE;
				GCC_WARN_UNUSED_FUNCTION = YES;
				GCC_WARN_UNUSED_VARIABLE = YES;
				IPHONEOS_DEPLOYMENT_TARGET = 11.1;
				MTL_ENABLE_DEBUG_INFO = NO;
				SDKROOT = iphoneos;
				SWIFT_OPTIMIZATION_LEVEL = "-Owholemodule";
				VALIDATE_PRODUCT = YES;
			};
			name = Release;
		};
		DBBC7A931FD1A26200417D60 /* Debug */ = {
			isa = XCBuildConfiguration;
			buildSettings = {
				ASSETCATALOG_COMPILER_APPICON_NAME = AppIcon;
				CODE_SIGN_STYLE = Automatic;
				DEVELOPMENT_TEAM = 69968RWNNZ;
				INFOPLIST_FILE = WheelMenu/Info.plist;
				IPHONEOS_DEPLOYMENT_TARGET = 10.0;
				LD_RUNPATH_SEARCH_PATHS = "$(inherited) @executable_path/Frameworks";
				PRODUCT_BUNDLE_IDENTIFIER = com.rogerserentill.WheelMenu;
				PRODUCT_NAME = "$(TARGET_NAME)";
				SWIFT_VERSION = 4.0;
				TARGETED_DEVICE_FAMILY = "1,2";
			};
			name = Debug;
		};
		DBBC7A941FD1A26200417D60 /* Release */ = {
			isa = XCBuildConfiguration;
			buildSettings = {
				ASSETCATALOG_COMPILER_APPICON_NAME = AppIcon;
				CODE_SIGN_STYLE = Automatic;
				DEVELOPMENT_TEAM = 69968RWNNZ;
				INFOPLIST_FILE = WheelMenu/Info.plist;
				IPHONEOS_DEPLOYMENT_TARGET = 10.0;
				LD_RUNPATH_SEARCH_PATHS = "$(inherited) @executable_path/Frameworks";
				PRODUCT_BUNDLE_IDENTIFIER = com.rogerserentill.WheelMenu;
				PRODUCT_NAME = "$(TARGET_NAME)";
				SWIFT_VERSION = 4.0;
				TARGETED_DEVICE_FAMILY = "1,2";
			};
			name = Release;
		};
/* End XCBuildConfiguration section */

/* Begin XCConfigurationList section */
		DBBC7A7B1FD1A26200417D60 /* Build configuration list for PBXProject "WheelMenu" */ = {
			isa = XCConfigurationList;
			buildConfigurations = (
				DBBC7A901FD1A26200417D60 /* Debug */,
				DBBC7A911FD1A26200417D60 /* Release */,
			);
			defaultConfigurationIsVisible = 0;
			defaultConfigurationName = Release;
		};
		DBBC7A921FD1A26200417D60 /* Build configuration list for PBXNativeTarget "WheelMenu" */ = {
			isa = XCConfigurationList;
			buildConfigurations = (
				DBBC7A931FD1A26200417D60 /* Debug */,
				DBBC7A941FD1A26200417D60 /* Release */,
			);
			defaultConfigurationIsVisible = 0;
			defaultConfigurationName = Release;
		};
/* End XCConfigurationList section */
	};
	rootObject = DBBC7A781FD1A26200417D60 /* Project object */;
}
